github.com/ninedraft/gemax v0.1.0 h1:9iPaW3shMMRB8lBLmOJZIgMKN9saZPsiFOAlYnJM2Zs=
github.com/ninedraft/gemax v0.1.0/go.mod h1:Y5SgURb3gSawaw8nPnFwrRufRTiTZ6uwS3sTKXIH/SY=
github.com/ninedraft/gemax v0.1.1-0.20220212113623-fa3b9746e385 h1:Q+G4FJnE8EzGIat+sUaU1Z7wqsbwKd9bgX6mk0k5w5I=
github.com/ninedraft/gemax v0.1.1-0.20220212113623-fa3b9746e385/go.mod h1:LNbKuDKaQA+9Zt0R/bs6EM97ClZjrPYjFIGbuHana2A=
